
Microsoft Visual Studio Solution File, Format Version 12.00
# Visual Studio 15
VisualStudioVersion = 15.0.28307.136
MinimumVisualStudioVersion = 10.0.40219.1
Project("{FAE04EC0-301F-11D3-BF4B-00C04F79EFBC}") = "IdentityServerAngular", "IdentityServerAngular\IdentityServerAngular.csproj", "{67AEFE7C-1297-411A-B8AD-2BD6557D7141}"
EndProject
Project("{FAE04EC0-301F-11D3-BF4B-00C04F79EFBC}") = "IdentityServerAngular.Model", "IdentityServerAngular.Model\IdentityServerAngular.Model.csproj", "{631777ED-722A-46FC-BA3B-29F01686317C}"
EndProject
Project("{FAE04EC0-301F-11D3-BF4B-00C04F79EFBC}") = "IdentityServerAngular.Common", "IdentityServerAngular.Common\IdentityServerAngular.Common.csproj", "{F021B976-F559-46E5-99F1-D98678C7BF94}"
EndProject
Project("{FAE04EC0-301F-11D3-BF4B-00C04F79EFBC}") = "IdentityServerAngular.Domain", "IdentityServerAngular.Domain\IdentityServerAngular.Domain.csproj", "{D836837E-DEA6-4F48-B465-A83BFF82BEFF}"
EndProject
Project("{FAE04EC0-301F-11D3-BF4B-00C04F79EFBC}") = "IdentityServerAngular.Mapping", "IdentityServerAngular.Mapping\IdentityServerAngular.Mapping.csproj", "{A5309540-DA71-47AC-B419-F17D5ADCA1C0}"
EndProject
Project("{FAE04EC0-301F-11D3-BF4B-00C04F79EFBC}") = "IdentityServerAngular.service", "IdentityServerAngular.service\IdentityServerAngular.service.csproj", "{EFAC7188-D103-4511-A038-813D971C1DC2}"
EndProject
Global
	GlobalSection(SolutionConfigurationPlatforms) = preSolution
		Debug|Any CPU = Debug|Any CPU
		Release|Any CPU = Release|Any CPU
	EndGlobalSection
	GlobalSection(ProjectConfigurationPlatforms) = postSolution
		{67AEFE7C-1297-411A-B8AD-2BD6557D7141}.Debug|Any CPU.ActiveCfg = Debug|Any CPU
		{67AEFE7C-1297-411A-B8AD-2BD6557D7141}.Debug|Any CPU.Build.0 = Debug|Any CPU
		{67AEFE7C-1297-411A-B8AD-2BD6557D7141}.Release|Any CPU.ActiveCfg = Release|Any CPU
		{67AEFE7C-1297-411A-B8AD-2BD6557D7141}.Release|Any CPU.Build.0 = Release|Any CPU
		{631777ED-722A-46FC-BA3B-29F01686317C}.Debug|Any CPU.ActiveCfg = Debug|Any CPU
		{631777ED-722A-46FC-BA3B-29F01686317C}.Debug|Any CPU.Build.0 = Debug|Any CPU
		{631777ED-722A-46FC-BA3B-29F01686317C}.Release|Any CPU.ActiveCfg = Release|Any CPU
		{631777ED-722A-46FC-BA3B-29F01686317C}.Release|Any CPU.Build.0 = Release|Any CPU
		{F021B976-F559-46E5-99F1-D98678C7BF94}.Debug|Any CPU.ActiveCfg = Debug|Any CPU
		{F021B976-F559-46E5-99F1-D98678C7BF94}.Debug|Any CPU.Build.0 = Debug|Any CPU
		{F021B976-F559-46E5-99F1-D98678C7BF94}.Release|Any CPU.ActiveCfg = Release|Any CPU
		{F021B976-F559-46E5-99F1-D98678C7BF94}.Release|Any CPU.Build.0 = Release|Any CPU
		{D836837E-DEA6-4F48-B465-A83BFF82BEFF}.Debug|Any CPU.ActiveCfg = Debug|Any CPU
		{D836837E-DEA6-4F48-B465-A83BFF82BEFF}.Debug|Any CPU.Build.0 = Debug|Any CPU
		{D836837E-DEA6-4F48-B465-A83BFF82BEFF}.Release|Any CPU.ActiveCfg = Release|Any CPU
		{D836837E-DEA6-4F48-B465-A83BFF82BEFF}.Release|Any CPU.Build.0 = Release|Any CPU
		{A5309540-DA71-47AC-B419-F17D5ADCA1C0}.Debug|Any CPU.ActiveCfg = Debug|Any CPU
		{A5309540-DA71-47AC-B419-F17D5ADCA1C0}.Debug|Any CPU.Build.0 = Debug|Any CPU
		{A5309540-DA71-47AC-B419-F17D5ADCA1C0}.Release|Any CPU.ActiveCfg = Release|Any CPU
		{A5309540-DA71-47AC-B419-F17D5ADCA1C0}.Release|Any CPU.Build.0 = Release|Any CPU
		{EFAC7188-D103-4511-A038-813D971C1DC2}.Debug|Any CPU.ActiveCfg = Debug|Any CPU
		{EFAC7188-D103-4511-A038-813D971C1DC2}.Debug|Any CPU.Build.0 = Debug|Any CPU
		{EFAC7188-D103-4511-A038-813D971C1DC2}.Release|Any CPU.ActiveCfg = Release|Any CPU
		{EFAC7188-D103-4511-A038-813D971C1DC2}.Release|Any CPU.Build.0 = Release|Any CPU
	EndGlobalSection
	GlobalSection(SolutionProperties) = preSolution
		HideSolutionNode = FALSE
	EndGlobalSection
	GlobalSection(ExtensibilityGlobals) = postSolution
		SolutionGuid = {7EEEA558-1E58-40F8-901D-29EE29D69BF6}
	EndGlobalSection
EndGlobal
